
Microsoft Visual Studio Solution File, Format Version 12.00
# Visual Studio 15
VisualStudioVersion = 15.0.28307.645
MinimumVisualStudioVersion = 10.0.40219.1
Project("{FAE04EC0-301F-11D3-BF4B-00C04F79EFBC}") = "sistema", "sistema\sistema.csproj", "{A7FB12B2-BEC6-4162-97E0-E35818DE70CA}"
EndProject
Global
	GlobalSection(SolutionConfigurationPlatforms) = preSolution
		Debug|Any CPU = Debug|Any CPU
		Release|Any CPU = Release|Any CPU
	EndGlobalSection
	GlobalSection(ProjectConfigurationPlatforms) = postSolution
		{A7FB12B2-BEC6-4162-97E0-E35818DE70CA}.Debug|Any CPU.ActiveCfg = Debug|Any CPU
		{A7FB12B2-BEC6-4162-97E0-E35818DE70CA}.Debug|Any CPU.Build.0 = Debug|Any CPU
		{A7FB12B2-BEC6-4162-97E0-E35818DE70CA}.Release|Any CPU.ActiveCfg = Release|Any CPU
		{A7FB12B2-BEC6-4162-97E0-E35818DE70CA}.Release|Any CPU.Build.0 = Release|Any CPU
	EndGlobalSection
	GlobalSection(SolutionProperties) = preSolution
		HideSolutionNode = FALSE
	EndGlobalSection
	GlobalSection(ExtensibilityGlobals) = postSolution
		SolutionGuid = {0C778379-2A2E-4260-A4E7-DEF0E03C7F59}
	EndGlobalSection
EndGlobal
